# Locks closed issues and pull requests after a period of inactivity, to prevent spam and noise.
---
name: 🔒 Autolock
"on":
  workflow_call:
  workflow_dispatch:
  schedule:
    # Run weekly, every Monday at 00:43.
    - cron: "43 0 * * 1"

permissions: {}

# Supply-chain cooldown: no package published within the window can be resolved by
# any command in this workflow. Set here, not per command, so it also covers the
# `metadata` bootstrap and any step added later; a workflow-level `env:` cannot
# reference `needs`, so the window is a literal kept equal to `[tool.repomatic]
# minimum-release-age`. repomatic's own test suite enforces that upstream; a
# synced copy is kept in step by hand. Deliberate bypasses are per-package CLI
# flags (`--exclude-newer-package`, `--min-release-age-exclude`).
# See claude.md for the rationale.
env:
  NPM_CONFIG_MIN_RELEASE_AGE: 7
  UV_EXCLUDE_NEWER: "1 week"

jobs:

  lock:
    name: 🔒 Lock inactive threads
    runs-on: ubuntu-26.04
    # Wider than the default: this job provisions a toolchain, so its runtime tracks how much it has to install.
    timeout-minutes: 30
    permissions:
      contents: read
      issues: write
      pull-requests: write
    steps:
      - uses: actions/checkout@3d3c42e5aac5ba805825da76410c181273ba90b1 # v7.0.1
      - uses: astral-sh/setup-uv@20cfd1bf945f4377ade1205e4dbc17946fc9a30d # v10.0.1
        with:
          version: "0.12.4"
      - name: Lock inactive threads
        # Window, comments, lock reason and the bot-issue exclusion are all
        # command defaults. See repomatic/github/issue.py for the rationale
        # behind each, and why the exclusion exists at all.
        env:
          GH_TOKEN: ${{ github.token }}
        run: uvx --no-progress --exclude-newer-package repomatic=P0D 'repomatic==7.15.0' lock-threads --live
